version: 1
generated_at: 2026-05-25T15:59:26Z
internal: []
trusted:
  - action: actions/checkout
    refs:
      - v3
      - v4
    occurrences:
      v4:
        .github/workflows/cd.yaml:
          - jobs.publish-binary.steps.[0].uses
          - jobs.publish-main-package.steps.[0].uses
        .github/workflows/ci.yaml:
          - jobs.build.steps.[0].uses
      v3:
        .github/workflows/cd.yaml:
          - jobs.publish-crate.steps.[0].uses
        .github/workflows/ci.yaml:
          - jobs.checks.steps.[0].uses
  - action: actions/setup-node
    refs:
      - v4
    occurrences:
      v4:
        .github/workflows/cd.yaml:
          - jobs.publish-binary.steps.[12].uses
          - jobs.publish-main-package.steps.[2].uses
external:
  - action: actions-rs/cargo
    refs:
      - 844f36862e911db73fe0815f00a4a2602c279505
    occurrences:
      844f36862e911db73fe0815f00a4a2602c279505:
        .github/workflows/cd.yaml:
          - jobs.publish-binary.steps.[5].uses
          - jobs.publish-binary.steps.[6].uses
        .github/workflows/ci.yaml:
          - jobs.build.steps.[4].uses
          - jobs.build.steps.[5].uses
  - action: actions-rs/toolchain
    refs:
      - 16499b5e05bf2e26879000db0c1d13f7e13fa3af
    occurrences:
      16499b5e05bf2e26879000db0c1d13f7e13fa3af:
        .github/workflows/cd.yaml:
          - jobs.publish-binary.steps.[4].uses
        .github/workflows/ci.yaml:
          - jobs.build.steps.[3].uses
  - action: svenstaro/upload-release-action
    refs:
      - 29e53e917877a24fad85510ded594ab3c9ca12de
    occurrences:
      29e53e917877a24fad85510ded594ab3c9ca12de:
        .github/workflows/cd.yaml:
          - jobs.publish-binary.steps.[9].uses
          - jobs.publish-binary.steps.[10].uses
  - action: Swatinem/rust-cache
    refs:
      - e18b497796c12c097a38f9edb9d0641fb99eee32
    occurrences:
      e18b497796c12c097a38f9edb9d0641fb99eee32:
        .github/workflows/cd.yaml:
          - jobs.publish-binary.steps.[3].uses
          - jobs.publish-crate.steps.[1].uses
        .github/workflows/ci.yaml:
          - jobs.build.steps.[2].uses
          - jobs.checks.steps.[1].uses
local: []
docker: []
dynamic: []
